
Microsoft Visual Studio Solution File, Format Version 12.00
# Visual Studio Version 17
VisualStudioVersion = 17.6.33815.320
MinimumVisualStudioVersion = 10.0.40219.1
Project("{FAE04EC0-301F-11D3-BF4B-00C04F79EFBC}") = "VsInsideManagement", "VsInsideManagement\VsInsideManagement.csproj", "{01F38003-4ACC-4915-8EAA-65E393E40CD5}"
EndProject
Global
	GlobalSection(SolutionConfigurationPlatforms) = preSolution
		Debug|Any CPU = Debug|Any CPU
		Release|Any CPU = Release|Any CPU
	EndGlobalSection
	GlobalSection(ProjectConfigurationPlatforms) = postSolution
		{01F38003-4ACC-4915-8EAA-65E393E40CD5}.Debug|Any CPU.ActiveCfg = Debug|Any CPU
		{01F38003-4ACC-4915-8EAA-65E393E40CD5}.Debug|Any CPU.Build.0 = Debug|Any CPU
		{01F38003-4ACC-4915-8EAA-65E393E40CD5}.Release|Any CPU.ActiveCfg = Release|Any CPU
		{01F38003-4ACC-4915-8EAA-65E393E40CD5}.Release|Any CPU.Build.0 = Release|Any CPU
	EndGlobalSection
	GlobalSection(SolutionProperties) = preSolution
		HideSolutionNode = FALSE
	EndGlobalSection
	GlobalSection(ExtensibilityGlobals) = postSolution
		SolutionGuid = {45314CFD-32B9-4A68-A099-2801AD60839E}
	EndGlobalSection
EndGlobal
